
Microsoft Visual Studio Solution File, Format Version 12.00
# Visual Studio 15
VisualStudioVersion = 15.0.26430.15
MinimumVisualStudioVersion = 10.0.40219.1
Project("{FAE04EC0-301F-11D3-BF4B-00C04F79EFBC}") = "FluentString", "FluentString\FluentString.csproj", "{0DA3B681-2A7C-498F-B34B-FEA12B480657}"
EndProject
Project("{2150E333-8FDC-42A3-9474-1A3956D46DE8}") = "Testing", "Testing", "{4EE4AF03-71C0-42C1-B2C9-BEC69E94C69D}"
EndProject
Project("{FAE04EC0-301F-11D3-BF4B-00C04F79EFBC}") = "FluentString.UnitTests", "FluentString.UnitTests\FluentString.UnitTests.csproj", "{6F5C4B75-B8F8-4ECF-A46B-A52C42B98897}"
EndProject
Global
	GlobalSection(SolutionConfigurationPlatforms) = preSolution
		Debug|Any CPU = Debug|Any CPU
		Release|Any CPU = Release|Any CPU
	EndGlobalSection
	GlobalSection(ProjectConfigurationPlatforms) = postSolution
		{0DA3B681-2A7C-498F-B34B-FEA12B480657}.Debug|Any CPU.ActiveCfg = Debug|Any CPU
		{0DA3B681-2A7C-498F-B34B-FEA12B480657}.Debug|Any CPU.Build.0 = Debug|Any CPU
		{0DA3B681-2A7C-498F-B34B-FEA12B480657}.Release|Any CPU.ActiveCfg = Release|Any CPU
		{0DA3B681-2A7C-498F-B34B-FEA12B480657}.Release|Any CPU.Build.0 = Release|Any CPU
		{6F5C4B75-B8F8-4ECF-A46B-A52C42B98897}.Debug|Any CPU.ActiveCfg = Debug|Any CPU
		{6F5C4B75-B8F8-4ECF-A46B-A52C42B98897}.Debug|Any CPU.Build.0 = Debug|Any CPU
		{6F5C4B75-B8F8-4ECF-A46B-A52C42B98897}.Release|Any CPU.ActiveCfg = Release|Any CPU
		{6F5C4B75-B8F8-4ECF-A46B-A52C42B98897}.Release|Any CPU.Build.0 = Release|Any CPU
	EndGlobalSection
	GlobalSection(SolutionProperties) = preSolution
		HideSolutionNode = FALSE
	EndGlobalSection
	GlobalSection(NestedProjects) = preSolution
		{6F5C4B75-B8F8-4ECF-A46B-A52C42B98897} = {4EE4AF03-71C0-42C1-B2C9-BEC69E94C69D}
	EndGlobalSection
EndGlobal
